{
  "name": "nko-website",
  "version": "2012.6.21",
  "dependencies": {
    "async": {
      "version": "0.2.6",
      "from": "async@*",
      "resolved": "https://registry.npmjs.org/async/-/async-0.2.6.tgz"
    },
    "coffee-script": {
      "version": "1.6.2",
      "from": "coffee-script@*",
      "resolved": "https://registry.npmjs.org/coffee-script/-/coffee-script-1.6.2.tgz"
    },
    "colors": {
      "version": "0.6.0-1",
      "from": "colors@*"
    },
    "connect-assetmanager": {
      "version": "0.0.28",
      "from": "connect-assetmanager@*",
      "dependencies": {
        "step": {
          "version": "0.0.5",
          "from": "step@>=0.0.3"
        }
      }
    },
    "connect-redis": {
      "version": "1.4.5",
      "from": "connect-redis@*",
      "resolved": "https://registry.npmjs.org/connect-redis/-/connect-redis-1.4.5.tgz",
      "dependencies": {
        "redis": {
          "version": "0.7.3",
          "from": "redis@0.7.x",
          "resolved": "https://registry.npmjs.org/redis/-/redis-0.7.3.tgz"
        },
        "debug": {
          "version": "0.7.2",
          "from": "debug@*",
          "resolved": "https://registry.npmjs.org/debug/-/debug-0.7.2.tgz"
        }
      }
    },
    "express": {
      "version": "3.1.0",
      "from": "express@*",
      "resolved": "https://registry.npmjs.org/express/-/express-3.1.0.tgz",
      "dependencies": {
        "connect": {
          "version": "2.7.2",
          "from": "connect@2.7.2",
          "resolved": "https://registry.npmjs.org/connect/-/connect-2.7.2.tgz",
          "dependencies": {
            "qs": {
              "version": "0.5.1",
              "from": "qs@0.5.1",
              "resolved": "https://registry.npmjs.org/qs/-/qs-0.5.1.tgz"
            },
            "formidable": {
              "version": "1.0.11",
              "from": "formidable@1.0.11",
              "resolved": "https://registry.npmjs.org/formidable/-/formidable-1.0.11.tgz"
            },
            "bytes": {
              "version": "0.1.0",
              "from": "bytes@0.1.0",
              "resolved": "https://registry.npmjs.org/bytes/-/bytes-0.1.0.tgz"
            },
            "pause": {
              "version": "0.0.1",
              "from": "pause@0.0.1",
              "resolved": "https://registry.npmjs.org/pause/-/pause-0.0.1.tgz"
            }
          }
        },
        "commander": {
          "version": "0.6.1",
          "from": "commander@0.6.1"
        },
        "range-parser": {
          "version": "0.0.4",
          "from": "range-parser@0.0.4",
          "resolved": "https://registry.npmjs.org/range-parser/-/range-parser-0.0.4.tgz"
        },
        "mkdirp": {
          "version": "0.3.3",
          "from": "mkdirp@0.3.3",
          "resolved": "https://registry.npmjs.org/mkdirp/-/mkdirp-0.3.3.tgz"
        },
        "cookie": {
          "version": "0.0.5",
          "from": "cookie@0.0.5",
          "resolved": "https://registry.npmjs.org/cookie/-/cookie-0.0.5.tgz"
        },
        "buffer-crc32": {
          "version": "0.1.1",
          "from": "buffer-crc32@0.1.1",
          "resolved": "https://registry.npmjs.org/buffer-crc32/-/buffer-crc32-0.1.1.tgz"
        },
        "fresh": {
          "version": "0.1.0",
          "from": "fresh@0.1.0",
          "resolved": "https://registry.npmjs.org/fresh/-/fresh-0.1.0.tgz"
        },
        "methods": {
          "version": "0.0.1",
          "from": "methods@0.0.1",
          "resolved": "https://registry.npmjs.org/methods/-/methods-0.0.1.tgz"
        },
        "send": {
          "version": "0.1.0",
          "from": "send@0.1.0",
          "resolved": "https://registry.npmjs.org/send/-/send-0.1.0.tgz",
          "dependencies": {
            "mime": {
              "version": "1.2.6",
              "from": "mime@1.2.6",
              "resolved": "https://registry.npmjs.org/mime/-/mime-1.2.6.tgz"
            }
          }
        },
        "cookie-signature": {
          "version": "0.0.1",
          "from": "cookie-signature@0.0.1",
          "resolved": "https://registry.npmjs.org/cookie-signature/-/cookie-signature-0.0.1.tgz"
        },
        "debug": {
          "version": "0.7.2",
          "from": "debug@*",
          "resolved": "https://registry.npmjs.org/debug/-/debug-0.7.2.tgz"
        }
      }
    },
    "jade": {
      "version": "0.28.2",
      "from": "jade@*",
      "resolved": "https://registry.npmjs.org/jade/-/jade-0.28.2.tgz",
      "dependencies": {
        "commander": {
          "version": "0.6.1",
          "from": "commander@0.6.1"
        },
        "mkdirp": {
          "version": "0.3.5",
          "from": "mkdirp@0.3.x",
          "resolved": "https://registry.npmjs.org/mkdirp/-/mkdirp-0.3.5.tgz"
        }
      }
    },
    "marked": {
      "version": "0.2.8",
      "from": "marked@*",
      "resolved": "https://registry.npmjs.org/marked/-/marked-0.2.8.tgz"
    },
    "mongoose": {
      "version": "3.6.10",
      "from": "mongoose@*",
      "resolved": "https://registry.npmjs.org/mongoose/-/mongoose-3.6.10.tgz",
      "dependencies": {
        "hooks": {
          "version": "0.2.1",
          "from": "hooks@0.2.1",
          "resolved": "https://registry.npmjs.org/hooks/-/hooks-0.2.1.tgz"
        },
        "mongodb": {
          "version": "1.3.3",
          "from": "mongodb@1.3.3",
          "resolved": "https://registry.npmjs.org/mongodb/-/mongodb-1.3.3.tgz",
          "dependencies": {
            "bson": {
              "version": "0.1.8",
              "from": "bson@0.1.8",
              "resolved": "https://registry.npmjs.org/bson/-/bson-0.1.8.tgz"
            },
            "kerberos": {
              "version": "0.0.2",
              "from": "kerberos@latest",
              "resolved": "https://registry.npmjs.org/kerberos/-/kerberos-0.0.2.tgz"
            }
          }
        },
        "ms": {
          "version": "0.1.0",
          "from": "ms@0.1.0",
          "resolved": "https://registry.npmjs.org/ms/-/ms-0.1.0.tgz"
        },
        "sliced": {
          "version": "0.0.3",
          "from": "sliced@0.0.3",
          "resolved": "https://registry.npmjs.org/sliced/-/sliced-0.0.3.tgz"
        },
        "muri": {
          "version": "0.3.1",
          "from": "muri@0.3.1",
          "resolved": "https://registry.npmjs.org/muri/-/muri-0.3.1.tgz"
        },
        "mpromise": {
          "version": "0.2.1",
          "from": "mpromise@0.2.1",
          "resolved": "https://registry.npmjs.org/mpromise/-/mpromise-0.2.1.tgz",
          "dependencies": {
            "sliced": {
              "version": "0.0.4",
              "from": "sliced@0.0.4",
              "resolved": "https://registry.npmjs.org/sliced/-/sliced-0.0.4.tgz"
            }
          }
        },
        "mpath": {
          "version": "0.1.1",
          "from": "mpath@0.1.1",
          "resolved": "https://registry.npmjs.org/mpath/-/mpath-0.1.1.tgz"
        }
      }
    },
    "mongoose-types": {
      "version": "1.0.3",
      "from": "mongoose-types@*"
    },
    "postageapp": {
      "version": "1.1.2",
      "from": "postageapp@*",
      "resolved": "https://registry.npmjs.org/postageapp/-/postageapp-1.1.2.tgz"
    },
    "ratchetio": {
      "version": "0.1.4",
      "from": "ratchetio@*",
      "resolved": "https://registry.npmjs.org/ratchetio/-/ratchetio-0.1.4.tgz",
      "dependencies": {
        "node-uuid": {
          "version": "1.4.0",
          "from": "node-uuid@~1.4.0"
        },
        "lru-cache": {
          "version": "2.2.2",
          "from": "lru-cache@~2.2.1",
          "resolved": "https://registry.npmjs.org/lru-cache/-/lru-cache-2.2.2.tgz"
        }
      }
    },
    "relative-date": {
      "version": "1.1.1",
      "from": "relative-date@*"
    },
    "request": {
      "version": "2.16.6",
      "from": "request@*",
      "resolved": "https://registry.npmjs.org/request/-/request-2.16.6.tgz",
      "dependencies": {
        "form-data": {
          "version": "0.0.7",
          "from": "form-data@~0.0.3",
          "resolved": "https://registry.npmjs.org/form-data/-/form-data-0.0.7.tgz",
          "dependencies": {
            "combined-stream": {
              "version": "0.0.4",
              "from": "combined-stream@~0.0.4",
              "resolved": "https://registry.npmjs.org/combined-stream/-/combined-stream-0.0.4.tgz",
              "dependencies": {
                "delayed-stream": {
                  "version": "0.0.5",
                  "from": "delayed-stream@0.0.5",
                  "resolved": "https://registry.npmjs.org/delayed-stream/-/delayed-stream-0.0.5.tgz"
                }
              }
            },
            "async": {
              "version": "0.1.22",
              "from": "async@~0.1.9"
            }
          }
        },
        "mime": {
          "version": "1.2.9",
          "from": "mime@>= 0.0.1",
          "resolved": "https://registry.npmjs.org/mime/-/mime-1.2.9.tgz"
        },
        "hawk": {
          "version": "0.10.2",
          "from": "hawk@~0.10.2",
          "resolved": "https://registry.npmjs.org/hawk/-/hawk-0.10.2.tgz",
          "dependencies": {
            "hoek": {
              "version": "0.7.1",
              "from": "hoek@0.7.x",
              "resolved": "https://registry.npmjs.org/hoek/-/hoek-0.7.1.tgz"
            },
            "boom": {
              "version": "0.3.7",
              "from": "boom@0.3.x",
              "resolved": "https://registry.npmjs.org/boom/-/boom-0.3.7.tgz"
            },
            "cryptiles": {
              "version": "0.1.3",
              "from": "cryptiles@0.1.x",
              "resolved": "https://registry.npmjs.org/cryptiles/-/cryptiles-0.1.3.tgz"
            },
            "sntp": {
              "version": "0.1.4",
              "from": "sntp@0.1.x",
              "resolved": "https://registry.npmjs.org/sntp/-/sntp-0.1.4.tgz"
            }
          }
        },
        "node-uuid": {
          "version": "1.4.0",
          "from": "node-uuid@~1.4.0"
        },
        "cookie-jar": {
          "version": "0.2.0",
          "from": "cookie-jar@~0.2.0",
          "resolved": "https://registry.npmjs.org/cookie-jar/-/cookie-jar-0.2.0.tgz"
        },
        "aws-sign": {
          "version": "0.2.0",
          "from": "aws-sign@~0.2.0",
          "resolved": "https://registry.npmjs.org/aws-sign/-/aws-sign-0.2.0.tgz"
        },
        "oauth-sign": {
          "version": "0.2.0",
          "from": "oauth-sign@~0.2.0",
          "resolved": "https://registry.npmjs.org/oauth-sign/-/oauth-sign-0.2.0.tgz"
        },
        "forever-agent": {
          "version": "0.2.0",
          "from": "forever-agent@~0.2.0",
          "resolved": "https://registry.npmjs.org/forever-agent/-/forever-agent-0.2.0.tgz"
        },
        "tunnel-agent": {
          "version": "0.2.0",
          "from": "tunnel-agent@~0.2.0",
          "resolved": "https://registry.npmjs.org/tunnel-agent/-/tunnel-agent-0.2.0.tgz"
        },
        "json-stringify-safe": {
          "version": "3.0.0",
          "from": "json-stringify-safe@~3.0.0",
          "resolved": "https://registry.npmjs.org/json-stringify-safe/-/json-stringify-safe-3.0.0.tgz"
        },
        "qs": {
          "version": "0.5.4",
          "from": "qs@>= 0.4.0",
          "resolved": "https://registry.npmjs.org/qs/-/qs-0.5.4.tgz"
        }
      }
    },
    "socket.io": {
      "version": "0.9.13",
      "from": "socket.io@*",
      "resolved": "https://registry.npmjs.org/socket.io/-/socket.io-0.9.13.tgz",
      "dependencies": {
        "socket.io-client": {
          "version": "0.9.11",
          "from": "socket.io-client@0.9.11",
          "resolved": "https://registry.npmjs.org/socket.io-client/-/socket.io-client-0.9.11.tgz",
          "dependencies": {
            "uglify-js": {
              "version": "1.2.5",
              "from": "uglify-js@1.2.5"
            },
            "ws": {
              "version": "0.4.25",
              "from": "ws@0.4.x",
              "resolved": "https://registry.npmjs.org/ws/-/ws-0.4.25.tgz",
              "dependencies": {
                "commander": {
                  "version": "0.6.1",
                  "from": "commander@~0.6.1"
                },
                "tinycolor": {
                  "version": "0.0.1",
                  "from": "tinycolor@0.x"
                },
                "options": {
                  "version": "0.0.3",
                  "from": "options@latest"
                }
              }
            },
            "xmlhttprequest": {
              "version": "1.4.2",
              "from": "xmlhttprequest@1.4.2"
            },
            "active-x-obfuscator": {
              "version": "0.0.1",
              "from": "active-x-obfuscator@0.0.1",
              "dependencies": {
                "zeparser": {
                  "version": "0.0.5",
                  "from": "zeparser@0.0.5"
                }
              }
            }
          }
        },
        "policyfile": {
          "version": "0.0.4",
          "from": "policyfile@0.0.4"
        },
        "base64id": {
          "version": "0.1.0",
          "from": "base64id@0.1.0",
          "resolved": "https://registry.npmjs.org/base64id/-/base64id-0.1.0.tgz"
        },
        "redis": {
          "version": "0.7.3",
          "from": "redis@0.7.x",
          "resolved": "https://registry.npmjs.org/redis/-/redis-0.7.3.tgz"
        }
      }
    },
    "stylus": {
      "version": "0.32.1",
      "from": "stylus@*",
      "resolved": "https://registry.npmjs.org/stylus/-/stylus-0.32.1.tgz",
      "dependencies": {
        "cssom": {
          "version": "0.2.5",
          "from": "cssom@0.2.x"
        },
        "mkdirp": {
          "version": "0.3.5",
          "from": "mkdirp@0.3.x",
          "resolved": "https://registry.npmjs.org/mkdirp/-/mkdirp-0.3.5.tgz"
        },
        "debug": {
          "version": "0.7.2",
          "from": "debug@*",
          "resolved": "https://registry.npmjs.org/debug/-/debug-0.7.2.tgz"
        }
      }
    },
    "uglify-js": {
      "version": "2.2.5",
      "from": "uglify-js@*",
      "resolved": "https://registry.npmjs.org/uglify-js/-/uglify-js-2.2.5.tgz",
      "dependencies": {
        "source-map": {
          "version": "0.1.10",
          "from": "source-map@~0.1.7",
          "resolved": "https://registry.npmjs.org/source-map/-/source-map-0.1.10.tgz",
          "dependencies": {
            "amdefine": {
              "version": "0.0.4",
              "from": "amdefine@>=0.0.4",
              "resolved": "https://registry.npmjs.org/amdefine/-/amdefine-0.0.4.tgz"
            }
          }
        },
        "optimist": {
          "version": "0.3.5",
          "from": "optimist@~0.3.5",
          "resolved": "https://registry.npmjs.org/optimist/-/optimist-0.3.5.tgz",
          "dependencies": {
            "wordwrap": {
              "version": "0.0.2",
              "from": "wordwrap@~0.0.2"
            }
          }
        }
      }
    },
    "underscore": {
      "version": "1.4.4",
      "from": "underscore@*",
      "resolved": "https://registry.npmjs.org/underscore/-/underscore-1.4.4.tgz"
    },
    "irc": {
      "version": "0.3.6",
      "from": "irc@*",
      "resolved": "https://registry.npmjs.org/irc/-/irc-0.3.6.tgz"
    },
    "redis": {
      "version": "0.8.2",
      "from": "redis@*",
      "resolved": "https://registry.npmjs.org/redis/-/redis-0.8.2.tgz"
    },
    "jadevu": {
      "version": "0.0.10",
      "from": "jadevu@0.0.10"
    },
    "ntwitter": {
      "version": "0.5.0",
      "from": "ntwitter@~0.5.0",
      "dependencies": {
        "oauth": {
          "version": "0.9.10",
          "from": "oauth@>=0.8.4"
        },
        "cookies": {
          "version": "0.1.6",
          "from": "cookies@0.1.x"
        },
        "keygrip": {
          "version": "0.2.2",
          "from": "keygrip@0.2.x"
        }
      }
    },
    "nodemon": {
      "version": "0.6.18",
      "from": "nodemon@0.6.18",
      "resolved": "https://registry.npmjs.org/nodemon/-/nodemon-0.6.18.tgz"
    },
    "node-inspector": {
      "version": "0.2.0beta3",
      "from": "node-inspector@~0.2.0beta3",
      "dependencies": {
        "connect": {
          "version": "1.8.7",
          "from": "connect@~1.8.5",
          "dependencies": {
            "qs": {
              "version": "0.5.4",
              "from": "qs@>= 0.4.0",
              "resolved": "https://registry.npmjs.org/qs/-/qs-0.5.4.tgz"
            },
            "mime": {
              "version": "1.2.9",
              "from": "mime@>= 0.0.1",
              "resolved": "https://registry.npmjs.org/mime/-/mime-1.2.9.tgz"
            },
            "formidable": {
              "version": "1.0.13",
              "from": "formidable@1.0.x",
              "resolved": "https://registry.npmjs.org/formidable/-/formidable-1.0.13.tgz"
            }
          }
        },
        "async": {
          "version": "0.1.22",
          "from": "async@~0.1"
        }
      }
    }
  }
}
